
Microsoft Visual Studio Solution File, Format Version 12.00
# Visual Studio Version 16
VisualStudioVersion = 16.0.30907.101
MinimumVisualStudioVersion = 10.0.40219.1
Project("{FAE04EC0-301F-11D3-BF4B-00C04F79EFBC}") = "DDR4XMPEditor", "DDR4XMPEditor.csproj", "{C842B61E-7D45-4E03-946C-34354F7C4D2E}"
EndProject
Global
	GlobalSection(SolutionConfigurationPlatforms) = preSolution
		Debug|Any CPU = Debug|Any CPU
		Release|Any CPU = Release|Any CPU
	EndGlobalSection
	GlobalSection(ProjectConfigurationPlatforms) = postSolution
		{C842B61E-7D45-4E03-946C-34354F7C4D2E}.Debug|Any CPU.ActiveCfg = Debug|Any CPU
		{C842B61E-7D45-4E03-946C-34354F7C4D2E}.Debug|Any CPU.Build.0 = Debug|Any CPU
		{C842B61E-7D45-4E03-946C-34354F7C4D2E}.Release|Any CPU.ActiveCfg = Release|Any CPU
		{C842B61E-7D45-4E03-946C-34354F7C4D2E}.Release|Any CPU.Build.0 = Release|Any CPU
	EndGlobalSection
	GlobalSection(SolutionProperties) = preSolution
		HideSolutionNode = FALSE
	EndGlobalSection
	GlobalSection(ExtensibilityGlobals) = postSolution
		SolutionGuid = {11792369-7E8A-4E23-9F92-7339D1E29C12}
	EndGlobalSection
EndGlobal
